
Microsoft Visual Studio Solution File, Format Version 12.00
# Visual Studio Version 16
VisualStudioVersion = 16.0.29123.88
MinimumVisualStudioVersion = 10.0.40219.1
Project("{8BC9CEB8-8B4A-11D0-8D11-00A0C91BC942}") = "userbase", "userbase\userbase.vcxproj", "{FB2837DC-7D43-4FCD-8682-E47D2CDA82E2}"
EndProject
Project("{8BC9CEB8-8B4A-11D0-8D11-00A0C91BC942}") = "userbase_test", "userbase_test\userbase_test.vcxproj", "{7140F1FF-6F45-4E4F-95A5-C3B8D781014F}"
EndProject
Global
	GlobalSection(SolutionConfigurationPlatforms) = preSolution
		Debug|x64 = Debug|x64
		Debug|x86 = Debug|x86
		Release|x64 = Release|x64
		Release|x86 = Release|x86
	EndGlobalSection
	GlobalSection(ProjectConfigurationPlatforms) = postSolution
		{FB2837DC-7D43-4FCD-8682-E47D2CDA82E2}.Debug|x64.ActiveCfg = Debug|x64
		{FB2837DC-7D43-4FCD-8682-E47D2CDA82E2}.Debug|x64.Build.0 = Debug|x64
		{FB2837DC-7D43-4FCD-8682-E47D2CDA82E2}.Debug|x86.ActiveCfg = Debug|Win32
		{FB2837DC-7D43-4FCD-8682-E47D2CDA82E2}.Debug|x86.Build.0 = Debug|Win32
		{FB2837DC-7D43-4FCD-8682-E47D2CDA82E2}.Release|x64.ActiveCfg = Release|x64
		{FB2837DC-7D43-4FCD-8682-E47D2CDA82E2}.Release|x64.Build.0 = Release|x64
		{FB2837DC-7D43-4FCD-8682-E47D2CDA82E2}.Release|x86.ActiveCfg = Release|Win32
		{FB2837DC-7D43-4FCD-8682-E47D2CDA82E2}.Release|x86.Build.0 = Release|Win32
		{7140F1FF-6F45-4E4F-95A5-C3B8D781014F}.Debug|x64.ActiveCfg = Debug|x64
		{7140F1FF-6F45-4E4F-95A5-C3B8D781014F}.Debug|x64.Build.0 = Debug|x64
		{7140F1FF-6F45-4E4F-95A5-C3B8D781014F}.Debug|x86.ActiveCfg = Debug|Win32
		{7140F1FF-6F45-4E4F-95A5-C3B8D781014F}.Debug|x86.Build.0 = Debug|Win32
		{7140F1FF-6F45-4E4F-95A5-C3B8D781014F}.Release|x64.ActiveCfg = Release|x64
		{7140F1FF-6F45-4E4F-95A5-C3B8D781014F}.Release|x64.Build.0 = Release|x64
		{7140F1FF-6F45-4E4F-95A5-C3B8D781014F}.Release|x86.ActiveCfg = Release|Win32
		{7140F1FF-6F45-4E4F-95A5-C3B8D781014F}.Release|x86.Build.0 = Release|Win32
	EndGlobalSection
	GlobalSection(SolutionProperties) = preSolution
		HideSolutionNode = FALSE
	EndGlobalSection
	GlobalSection(ExtensibilityGlobals) = postSolution
		SolutionGuid = {7319CAEC-5E42-424D-BEC0-EDE574EBF747}
	EndGlobalSection
EndGlobal
