<?xml version="1.0" encoding="utf-8"?>
<Project ToolsVersion="4.0" xmlns="http://schemas.microsoft.com/developer/msbuild/2003">
  <ItemGroup>
    <Filter Include="源文件">
      <UniqueIdentifier>{4FC737F1-C7A5-4376-A066-2A32D752A2FF}</UniqueIdentifier>
      <Extensions>cpp;c;cc;cxx;def;odl;idl;hpj;bat;asm;asmx</Extensions>
    </Filter>
    <Filter Include="头文件">
      <UniqueIdentifier>{93995380-89BD-4b04-88EB-625FBE52EBFB}</UniqueIdentifier>
      <Extensions>h;hh;hpp;hxx;hm;inl;inc;xsd</Extensions>
    </Filter>
    <Filter Include="资源文件">
      <UniqueIdentifier>{67DA6AB6-F800-4c08-8B7A-83BB121AAD01}</UniqueIdentifier>
      <Extensions>rc;ico;cur;bmp;dlg;rc2;rct;bin;rgs;gif;jpg;jpeg;jpe;resx;tiff;tif;png;wav;mfcribbon-ms</Extensions>
    </Filter>
    <Filter Include="Process">
      <UniqueIdentifier>{c0182d2f-23ec-4370-821e-47f56ec4265f}</UniqueIdentifier>
    </Filter>
    <Filter Include="Reg">
      <UniqueIdentifier>{73ad2acd-2554-41e8-8487-c459d4ae642d}</UniqueIdentifier>
    </Filter>
    <Filter Include="Log">
      <UniqueIdentifier>{61c2d0d3-b148-4ffc-a1b7-89605f8a9549}</UniqueIdentifier>
    </Filter>
    <Filter Include="Memory">
      <UniqueIdentifier>{995bb9f4-45af-48f9-b47b-98c803d49b56}</UniqueIdentifier>
    </Filter>
    <Filter Include="File">
      <UniqueIdentifier>{ce410ddb-7b8e-4798-b00f-96d20d58446e}</UniqueIdentifier>
    </Filter>
    <Filter Include="Network">
      <UniqueIdentifier>{07cb6e20-03c2-4959-952c-79a16bccba19}</UniqueIdentifier>
    </Filter>
    <Filter Include="String">
      <UniqueIdentifier>{a891f5f3-ebce-46aa-ab67-b1cae83a3847}</UniqueIdentifier>
    </Filter>
    <Filter Include="Integer">
      <UniqueIdentifier>{2567bc0d-523c-46e1-9e7f-7197f5663ad3}</UniqueIdentifier>
    </Filter>
    <Filter Include="ThirdParty">
      <UniqueIdentifier>{e29c5cb1-6331-4c4a-b24b-3b8f34d13116}</UniqueIdentifier>
    </Filter>
    <Filter Include="ThirdParty\MD5">
      <UniqueIdentifier>{e1fa5e99-b231-4325-8647-cbe1bcf93b31}</UniqueIdentifier>
    </Filter>
    <Filter Include="PE">
      <UniqueIdentifier>{83788b42-e54f-4aba-82b3-52080762ccdf}</UniqueIdentifier>
    </Filter>
    <Filter Include="Crypto">
      <UniqueIdentifier>{7f9dc2a3-262d-4173-9fbe-2fe89e19f770}</UniqueIdentifier>
    </Filter>
    <Filter Include="ZLib">
      <UniqueIdentifier>{9e2096b6-cdd7-4866-85f4-30cbd35abc0c}</UniqueIdentifier>
    </Filter>
    <Filter Include="Time">
      <UniqueIdentifier>{b4730511-7ea4-408c-a22f-99f34a77fa37}</UniqueIdentifier>
    </Filter>
    <Filter Include="ThirdParty\ConvertUTF">
      <UniqueIdentifier>{911d9b1f-f77d-49b4-94d1-bfdab29a39fe}</UniqueIdentifier>
    </Filter>
    <Filter Include="ThirdParty\modp_b64">
      <UniqueIdentifier>{30a32de9-2d5b-4a24-95f4-d67300ccf7f1}</UniqueIdentifier>
    </Filter>
    <Filter Include="ThirdParty\CmdLineArgs">
      <UniqueIdentifier>{79e9c586-5740-4043-9bd7-17ebbd4effe4}</UniqueIdentifier>
    </Filter>
    <Filter Include="ThirdParty\Network">
      <UniqueIdentifier>{d277ec92-2a8e-486d-ad34-1d9c53959efc}</UniqueIdentifier>
    </Filter>
    <Filter Include="ThirdParty\Hardware">
      <UniqueIdentifier>{cbefdcb7-4873-4eb5-8b16-276f3642b9a8}</UniqueIdentifier>
    </Filter>
    <Filter Include="ThirdParty\MHook">
      <UniqueIdentifier>{d18f3e61-e214-48c9-a8d6-8190a75399f1}</UniqueIdentifier>
    </Filter>
    <Filter Include="ThirdParty\MHook\disasm-lib">
      <UniqueIdentifier>{27f57073-c303-421d-b60f-92103f587e7b}</UniqueIdentifier>
    </Filter>
    <Filter Include="ThirdParty\MHook\mhook-lib">
      <UniqueIdentifier>{033a910d-2cf0-44f6-8d77-9678bfc2b175}</UniqueIdentifier>
    </Filter>
    <Filter Include="ThirdParty\KeyMouse">
      <UniqueIdentifier>{b61a1455-0fc3-4fc6-a4f4-bdf694e8b92c}</UniqueIdentifier>
    </Filter>
    <Filter Include="Window">
      <UniqueIdentifier>{82c6c82b-bc1f-47e2-a42d-73b8de500e28}</UniqueIdentifier>
    </Filter>
    <Filter Include="OS">
      <UniqueIdentifier>{53e9eef3-a239-456c-95ac-d691e37312a4}</UniqueIdentifier>
    </Filter>
    <Filter Include="TCP">
      <UniqueIdentifier>{3d1ec143-36af-4d0d-961a-bfb484dd3e33}</UniqueIdentifier>
    </Filter>
    <Filter Include="TCP\IOCP_DuMingqiao">
      <UniqueIdentifier>{bce513e6-060f-4126-9b30-bac748f0cbff}</UniqueIdentifier>
    </Filter>
    <Filter Include="TCP\Client_DuMingqiao">
      <UniqueIdentifier>{989aabe4-fdc4-4539-9460-821eb1079139}</UniqueIdentifier>
    </Filter>
    <Filter Include="Common">
      <UniqueIdentifier>{993cc998-5eb5-44f6-b6ae-18d5123f7da5}</UniqueIdentifier>
    </Filter>
    <Filter Include="TCP\Client_Golang">
      <UniqueIdentifier>{21431886-c4ab-4748-beaf-64ae89091a16}</UniqueIdentifier>
    </Filter>
    <Filter Include="NativeAPI">
      <UniqueIdentifier>{422aa4e0-3352-40e7-b112-aed659834d83}</UniqueIdentifier>
    </Filter>
    <Filter Include="Exception">
      <UniqueIdentifier>{a64b6d03-487c-41ed-bb6e-fe6c94cc7c11}</UniqueIdentifier>
    </Filter>
    <Filter Include="UAC">
      <UniqueIdentifier>{6677b7b6-4887-41f3-ab3e-2911b53dcde8}</UniqueIdentifier>
    </Filter>
    <Filter Include="Inject">
      <UniqueIdentifier>{aa92588d-7e84-4d36-a5b9-128bf02c6327}</UniqueIdentifier>
    </Filter>
    <Filter Include="Shell">
      <UniqueIdentifier>{7171bdbd-15e2-4e14-8c7d-bf8861ce9712}</UniqueIdentifier>
    </Filter>
  </ItemGroup>
  <ItemGroup>
    <ClInclude Include="stdafx.h">
      <Filter>头文件</Filter>
    </ClInclude>
    <ClInclude Include="targetver.h">
      <Filter>头文件</Filter>
    </ClInclude>
    <ClInclude Include="Log\log_file.h">
      <Filter>Log</Filter>
    </ClInclude>
    <ClInclude Include="NetWork\FtpUtility.h">
      <Filter>Network</Filter>
    </ClInclude>
    <ClInclude Include="NetWork\HttpUnity.h">
      <Filter>Network</Filter>
    </ClInclude>
    <ClInclude Include="Crypto\aes_helper.h">
      <Filter>Crypto</Filter>
    </ClInclude>
    <ClInclude Include="Crypto\base64.h">
      <Filter>Crypto</Filter>
    </ClInclude>
    <ClInclude Include="PE\MmLoadDll.h">
      <Filter>PE</Filter>
    </ClInclude>
    <ClInclude Include="PE\DisguiseProcess.h">
      <Filter>PE</Filter>
    </ClInclude>
    <ClInclude Include="PE\ReplaceProcess.h">
      <Filter>PE</Filter>
    </ClInclude>
    <ClInclude Include="ZLib\zlib_compress.h">
      <Filter>ZLib</Filter>
    </ClInclude>
    <ClInclude Include="ZLib\zlib\zconf.h">
      <Filter>ZLib</Filter>
    </ClInclude>
    <ClInclude Include="ZLib\zlib\zlib.h">
      <Filter>ZLib</Filter>
    </ClInclude>
    <ClInclude Include="ThirdParty\ConvertUTF\ConvertUTF.h">
      <Filter>ThirdParty\ConvertUTF</Filter>
    </ClInclude>
    <ClInclude Include="ThirdParty\modp_b64\modp_b64.h">
      <Filter>ThirdParty\modp_b64</Filter>
    </ClInclude>
    <ClInclude Include="ThirdParty\modp_b64\modp_b64_data.h">
      <Filter>ThirdParty\modp_b64</Filter>
    </ClInclude>
    <ClInclude Include="ThirdParty\CmdLineArgs\CmdLineArgs.h">
      <Filter>ThirdParty\CmdLineArgs</Filter>
    </ClInclude>
    <ClInclude Include="ThirdParty\Network\network_util.h">
      <Filter>ThirdParty\Network</Filter>
    </ClInclude>
    <ClInclude Include="ThirdParty\Network\nio_base.h">
      <Filter>ThirdParty\Network</Filter>
    </ClInclude>
    <ClInclude Include="ThirdParty\Hardware\cpu.h">
      <Filter>ThirdParty\Hardware</Filter>
    </ClInclude>
    <ClInclude Include="File\UserFile.h">
      <Filter>File</Filter>
    </ClInclude>
    <ClInclude Include="Integer\UserInteger.h">
      <Filter>Integer</Filter>
    </ClInclude>
    <ClInclude Include="Memory\UserMemory.h">
      <Filter>Memory</Filter>
    </ClInclude>
    <ClInclude Include="NetWork\UserNetwork.h">
      <Filter>Network</Filter>
    </ClInclude>
    <ClInclude Include="Process\UserProcess.h">
      <Filter>Process</Filter>
    </ClInclude>
    <ClInclude Include="Reg\UserReg.h">
      <Filter>Reg</Filter>
    </ClInclude>
    <ClInclude Include="String\UserString.h">
      <Filter>String</Filter>
    </ClInclude>
    <ClInclude Include="Time\UserTimer.h">
      <Filter>Time</Filter>
    </ClInclude>
    <ClInclude Include="ThirdParty\MD5\MD5.h">
      <Filter>ThirdParty\MD5</Filter>
    </ClInclude>
    <ClInclude Include="ThirdParty\MHook\disasm-lib\cpu.h">
      <Filter>ThirdParty\MHook\disasm-lib</Filter>
    </ClInclude>
    <ClInclude Include="ThirdParty\MHook\disasm-lib\disasm.h">
      <Filter>ThirdParty\MHook\disasm-lib</Filter>
    </ClInclude>
    <ClInclude Include="ThirdParty\MHook\disasm-lib\disasm_x86.h">
      <Filter>ThirdParty\MHook\disasm-lib</Filter>
    </ClInclude>
    <ClInclude Include="ThirdParty\MHook\disasm-lib\disasm_x86_tables.h">
      <Filter>ThirdParty\MHook\disasm-lib</Filter>
    </ClInclude>
    <ClInclude Include="ThirdParty\MHook\disasm-lib\misc.h">
      <Filter>ThirdParty\MHook\disasm-lib</Filter>
    </ClInclude>
    <ClInclude Include="ThirdParty\MHook\mhook-lib\mhook.h">
      <Filter>ThirdParty\MHook\mhook-lib</Filter>
    </ClInclude>
    <ClInclude Include="ubase.h">
      <Filter>头文件</Filter>
    </ClInclude>
    <ClInclude Include="Memory\ShareMemory.h">
      <Filter>Memory</Filter>
    </ClInclude>
    <ClInclude Include="ThirdParty\KeyMouse\MyKeyboardNamespace.h">
      <Filter>ThirdParty\KeyMouse</Filter>
    </ClInclude>
    <ClInclude Include="ThirdParty\KeyMouse\MyMouseNamespace.h">
      <Filter>ThirdParty\KeyMouse</Filter>
    </ClInclude>
    <ClInclude Include="Window\TSWindowsAPI.h">
      <Filter>Window</Filter>
    </ClInclude>
    <ClInclude Include="OS\RealOSVersion.h">
      <Filter>OS</Filter>
    </ClInclude>
    <ClInclude Include="OS\OSInfo.h">
      <Filter>OS</Filter>
    </ClInclude>
    <ClInclude Include="PE\PE.h">
      <Filter>PE</Filter>
    </ClInclude>
    <ClInclude Include="comdef.h">
      <Filter>头文件</Filter>
    </ClInclude>
    <ClInclude Include="Crypto\crc.h">
      <Filter>Crypto</Filter>
    </ClInclude>
    <ClInclude Include="TCP\IOCP_DuMingqiao\ClientList.h">
      <Filter>TCP\IOCP_DuMingqiao</Filter>
    </ClInclude>
    <ClInclude Include="TCP\IOCP_DuMingqiao\IocpModeSvr.h">
      <Filter>TCP\IOCP_DuMingqiao</Filter>
    </ClInclude>
    <ClInclude Include="TCP\Client_DuMingqiao\TcpClient.h">
      <Filter>TCP\Client_DuMingqiao</Filter>
    </ClInclude>
    <ClInclude Include="Common\MyCriticalSection.h">
      <Filter>Common</Filter>
    </ClInclude>
    <ClInclude Include="Common\Event.h">
      <Filter>Common</Filter>
    </ClInclude>
    <ClInclude Include="TCP\Client_Golang\TcpClientGo.h">
      <Filter>TCP\Client_Golang</Filter>
    </ClInclude>
    <ClInclude Include="Window\TrayWindow.h">
      <Filter>Window</Filter>
    </ClInclude>
    <ClInclude Include="NativeAPI\NtAPI.h">
      <Filter>NativeAPI</Filter>
    </ClInclude>
    <ClInclude Include="Exception\Error.h">
      <Filter>Exception</Filter>
    </ClInclude>
    <ClInclude Include="Common\Utils.h">
      <Filter>Common</Filter>
    </ClInclude>
    <ClInclude Include="OS\VersionApi.h">
      <Filter>OS</Filter>
    </ClInclude>
    <ClInclude Include="Process\AutoRun.h">
      <Filter>Process</Filter>
    </ClInclude>
    <ClInclude Include="Process\TaskSchedule.h">
      <Filter>Process</Filter>
    </ClInclude>
    <ClInclude Include="Process\ServiceManager.h">
      <Filter>Process</Filter>
    </ClInclude>
    <ClInclude Include="Reg\RegAutoRun.h">
      <Filter>Reg</Filter>
    </ClInclude>
    <ClInclude Include="UAC\ByPassUAC.h">
      <Filter>UAC</Filter>
    </ClInclude>
    <ClInclude Include="Inject\ApcInject.h">
      <Filter>Inject</Filter>
    </ClInclude>
    <ClInclude Include="File\RtlCompressBuffer.h">
      <Filter>File</Filter>
    </ClInclude>
    <ClInclude Include="Shell\PipeCmd.h">
      <Filter>Shell</Filter>
    </ClInclude>
  </ItemGroup>
  <ItemGroup>
    <ClCompile Include="stdafx.cpp">
      <Filter>源文件</Filter>
    </ClCompile>
    <ClCompile Include="Log\log_file.cpp">
      <Filter>Log</Filter>
    </ClCompile>
    <ClCompile Include="NetWork\FtpUtility.cpp">
      <Filter>Network</Filter>
    </ClCompile>
    <ClCompile Include="NetWork\HttpUnity.cpp">
      <Filter>Network</Filter>
    </ClCompile>
    <ClCompile Include="Crypto\aes_helper.cpp">
      <Filter>Crypto</Filter>
    </ClCompile>
    <ClCompile Include="Crypto\base64.cpp">
      <Filter>Crypto</Filter>
    </ClCompile>
    <ClCompile Include="PE\MmLoadDll.cpp">
      <Filter>PE</Filter>
    </ClCompile>
    <ClCompile Include="PE\DisguiseProcess.cpp">
      <Filter>PE</Filter>
    </ClCompile>
    <ClCompile Include="PE\ReplaceProcess.cpp">
      <Filter>PE</Filter>
    </ClCompile>
    <ClCompile Include="ZLib\zlib_compress.cpp">
      <Filter>ZLib</Filter>
    </ClCompile>
    <ClCompile Include="ThirdParty\ConvertUTF\ConvertUTF.c">
      <Filter>ThirdParty\ConvertUTF</Filter>
    </ClCompile>
    <ClCompile Include="ThirdParty\modp_b64\modp_b64.cc">
      <Filter>ThirdParty\modp_b64</Filter>
    </ClCompile>
    <ClCompile Include="ThirdParty\CmdLineArgs\CmdLineArgs.cpp">
      <Filter>ThirdParty\CmdLineArgs</Filter>
    </ClCompile>
    <ClCompile Include="ThirdParty\Network\network_util.cpp">
      <Filter>ThirdParty\Network</Filter>
    </ClCompile>
    <ClCompile Include="ThirdParty\Hardware\cpu.cpp">
      <Filter>ThirdParty\Hardware</Filter>
    </ClCompile>
    <ClCompile Include="File\UserFile.cpp">
      <Filter>File</Filter>
    </ClCompile>
    <ClCompile Include="Integer\UserInteger.cpp">
      <Filter>Integer</Filter>
    </ClCompile>
    <ClCompile Include="Memory\UserMemory.cpp">
      <Filter>Memory</Filter>
    </ClCompile>
    <ClCompile Include="NetWork\UserNetwork.cpp">
      <Filter>Network</Filter>
    </ClCompile>
    <ClCompile Include="Process\UserProcess.cpp">
      <Filter>Process</Filter>
    </ClCompile>
    <ClCompile Include="Reg\UserReg.cpp">
      <Filter>Reg</Filter>
    </ClCompile>
    <ClCompile Include="String\UserString.cpp">
      <Filter>String</Filter>
    </ClCompile>
    <ClCompile Include="Time\UserTimer.cpp">
      <Filter>Time</Filter>
    </ClCompile>
    <ClCompile Include="ThirdParty\MD5\MD5.cpp">
      <Filter>ThirdParty\MD5</Filter>
    </ClCompile>
    <ClCompile Include="ThirdParty\MHook\disasm-lib\cpu.c">
      <Filter>ThirdParty\MHook\disasm-lib</Filter>
    </ClCompile>
    <ClCompile Include="ThirdParty\MHook\disasm-lib\disasm.c">
      <Filter>ThirdParty\MHook\disasm-lib</Filter>
    </ClCompile>
    <ClCompile Include="ThirdParty\MHook\disasm-lib\disasm_x86.c">
      <Filter>ThirdParty\MHook\disasm-lib</Filter>
    </ClCompile>
    <ClCompile Include="ThirdParty\MHook\disasm-lib\misc.c">
      <Filter>ThirdParty\MHook\disasm-lib</Filter>
    </ClCompile>
    <ClCompile Include="ThirdParty\MHook\mhook-lib\mhook.cpp">
      <Filter>ThirdParty\MHook\mhook-lib</Filter>
    </ClCompile>
    <ClCompile Include="ThirdParty\KeyMouse\MyKeyboardNamespace.cpp">
      <Filter>ThirdParty\KeyMouse</Filter>
    </ClCompile>
    <ClCompile Include="ThirdParty\KeyMouse\MyMouseNamespace.cpp">
      <Filter>ThirdParty\KeyMouse</Filter>
    </ClCompile>
    <ClCompile Include="Window\TSWindowsAPI.cpp">
      <Filter>Window</Filter>
    </ClCompile>
    <ClCompile Include="OS\RealOSVersion.cpp">
      <Filter>OS</Filter>
    </ClCompile>
    <ClCompile Include="OS\OSInfo.cpp">
      <Filter>OS</Filter>
    </ClCompile>
    <ClCompile Include="PE\PE.cpp">
      <Filter>PE</Filter>
    </ClCompile>
    <ClCompile Include="Crypto\crc.cc">
      <Filter>Crypto</Filter>
    </ClCompile>
    <ClCompile Include="TCP\IOCP_DuMingqiao\IocpModeSvr.cpp">
      <Filter>TCP\IOCP_DuMingqiao</Filter>
    </ClCompile>
    <ClCompile Include="TCP\Client_DuMingqiao\TcpClient.cpp">
      <Filter>TCP\Client_DuMingqiao</Filter>
    </ClCompile>
    <ClCompile Include="TCP\Client_Golang\TcpClientGo.cpp">
      <Filter>TCP\Client_Golang</Filter>
    </ClCompile>
    <ClCompile Include="Window\TrayWindow.cpp">
      <Filter>Window</Filter>
    </ClCompile>
    <ClCompile Include="NativeAPI\NtAPI.cpp">
      <Filter>NativeAPI</Filter>
    </ClCompile>
    <ClCompile Include="Exception\Error.cpp">
      <Filter>Exception</Filter>
    </ClCompile>
    <ClCompile Include="Process\AutoRun.cpp">
      <Filter>Process</Filter>
    </ClCompile>
    <ClCompile Include="Process\TaskSchedule.cpp">
      <Filter>Process</Filter>
    </ClCompile>
    <ClCompile Include="Process\ServiceManager.cpp">
      <Filter>Process</Filter>
    </ClCompile>
    <ClCompile Include="Reg\RegAutoRun.cpp">
      <Filter>Reg</Filter>
    </ClCompile>
    <ClCompile Include="UAC\ByPassUAC.cpp">
      <Filter>UAC</Filter>
    </ClCompile>
    <ClCompile Include="UAC\BypassUACTest.cpp">
      <Filter>UAC</Filter>
    </ClCompile>
    <ClCompile Include="Inject\ApcInject.cpp">
      <Filter>Inject</Filter>
    </ClCompile>
    <ClCompile Include="File\RtlCompressBuffer.cpp">
      <Filter>File</Filter>
    </ClCompile>
    <ClCompile Include="Shell\PipeCmd.cpp">
      <Filter>Shell</Filter>
    </ClCompile>
  </ItemGroup>
  <ItemGroup>
    <Text Include="ThirdParty\ConvertUTF\readme.txt">
      <Filter>ThirdParty\ConvertUTF</Filter>
    </Text>
    <Text Include="ThirdParty\modp_b64\Readme.txt">
      <Filter>ThirdParty\modp_b64</Filter>
    </Text>
  </ItemGroup>
</Project>