<?xml version="1.0" encoding="utf-8"?>
<Project ToolsVersion="4.0" xmlns="http://schemas.microsoft.com/developer/msbuild/2003">
  <ItemGroup>
    <Filter Include="源文件">
      <UniqueIdentifier>{4FC737F1-C7A5-4376-A066-2A32D752A2FF}</UniqueIdentifier>
      <Extensions>cpp;c;cc;cxx;def;odl;idl;hpj;bat;asm;asmx</Extensions>
    </Filter>
    <Filter Include="头文件">
      <UniqueIdentifier>{93995380-89BD-4b04-88EB-625FBE52EBFB}</UniqueIdentifier>
      <Extensions>h;hh;hpp;hxx;hm;inl;inc;xsd</Extensions>
    </Filter>
    <Filter Include="资源文件">
      <UniqueIdentifier>{67DA6AB6-F800-4c08-8B7A-83BB121AAD01}</UniqueIdentifier>
      <Extensions>rc;ico;cur;bmp;dlg;rc2;rct;bin;rgs;gif;jpg;jpeg;jpe;resx;tiff;tif;png;wav;mfcribbon-ms</Extensions>
    </Filter>
    <Filter Include="Process">
      <UniqueIdentifier>{c0182d2f-23ec-4370-821e-47f56ec4265f}</UniqueIdentifier>
    </Filter>
    <Filter Include="Reg">
      <UniqueIdentifier>{73ad2acd-2554-41e8-8487-c459d4ae642d}</UniqueIdentifier>
    </Filter>
    <Filter Include="Log">
      <UniqueIdentifier>{61c2d0d3-b148-4ffc-a1b7-89605f8a9549}</UniqueIdentifier>
    </Filter>
    <Filter Include="Memory">
      <UniqueIdentifier>{995bb9f4-45af-48f9-b47b-98c803d49b56}</UniqueIdentifier>
    </Filter>
    <Filter Include="File">
      <UniqueIdentifier>{ce410ddb-7b8e-4798-b00f-96d20d58446e}</UniqueIdentifier>
    </Filter>
    <Filter Include="Network">
      <UniqueIdentifier>{07cb6e20-03c2-4959-952c-79a16bccba19}</UniqueIdentifier>
    </Filter>
    <Filter Include="String">
      <UniqueIdentifier>{a891f5f3-ebce-46aa-ab67-b1cae83a3847}</UniqueIdentifier>
    </Filter>
    <Filter Include="Integer">
      <UniqueIdentifier>{2567bc0d-523c-46e1-9e7f-7197f5663ad3}</UniqueIdentifier>
    </Filter>
    <Filter Include="ThirdParty">
      <UniqueIdentifier>{e29c5cb1-6331-4c4a-b24b-3b8f34d13116}</UniqueIdentifier>
    </Filter>
    <Filter Include="ThirdParty\MD5">
      <UniqueIdentifier>{e1fa5e99-b231-4325-8647-cbe1bcf93b31}</UniqueIdentifier>
    </Filter>
    <Filter Include="PE">
      <UniqueIdentifier>{83788b42-e54f-4aba-82b3-52080762ccdf}</UniqueIdentifier>
    </Filter>
    <Filter Include="Crypto">
      <UniqueIdentifier>{7f9dc2a3-262d-4173-9fbe-2fe89e19f770}</UniqueIdentifier>
    </Filter>
    <Filter Include="ZLib">
      <UniqueIdentifier>{9e2096b6-cdd7-4866-85f4-30cbd35abc0c}</UniqueIdentifier>
    </Filter>
    <Filter Include="Time">
      <UniqueIdentifier>{b4730511-7ea4-408c-a22f-99f34a77fa37}</UniqueIdentifier>
    </Filter>
    <Filter Include="ThirdParty\ConvertUTF">
      <UniqueIdentifier>{911d9b1f-f77d-49b4-94d1-bfdab29a39fe}</UniqueIdentifier>
    </Filter>
  </ItemGroup>
  <ItemGroup>
    <ClInclude Include="stdafx.h">
      <Filter>头文件</Filter>
    </ClInclude>
    <ClInclude Include="targetver.h">
      <Filter>头文件</Filter>
    </ClInclude>
    <ClInclude Include="UserProcess.h">
      <Filter>Process</Filter>
    </ClInclude>
    <ClInclude Include="UserReg.h">
      <Filter>Reg</Filter>
    </ClInclude>
    <ClInclude Include="UserMemory.h">
      <Filter>Memory</Filter>
    </ClInclude>
    <ClInclude Include="UserFile.h">
      <Filter>File</Filter>
    </ClInclude>
    <ClInclude Include="Log\log_file.h">
      <Filter>Log</Filter>
    </ClInclude>
    <ClInclude Include="UserNetwork.h">
      <Filter>Network</Filter>
    </ClInclude>
    <ClInclude Include="UserString.h">
      <Filter>String</Filter>
    </ClInclude>
    <ClInclude Include="UserInteger.h">
      <Filter>Integer</Filter>
    </ClInclude>
    <ClInclude Include="ThirdParty\MD5.h">
      <Filter>ThirdParty\MD5</Filter>
    </ClInclude>
    <ClInclude Include="NetWork\FtpUtility.h">
      <Filter>Network</Filter>
    </ClInclude>
    <ClInclude Include="NetWork\HttpUnity.h">
      <Filter>Network</Filter>
    </ClInclude>
    <ClInclude Include="Crypto\aes_helper.h">
      <Filter>Crypto</Filter>
    </ClInclude>
    <ClInclude Include="Crypto\base64.h">
      <Filter>Crypto</Filter>
    </ClInclude>
    <ClInclude Include="PE\MmLoadDll.h">
      <Filter>PE</Filter>
    </ClInclude>
    <ClInclude Include="PE\ApcInject.h">
      <Filter>PE</Filter>
    </ClInclude>
    <ClInclude Include="PE\BypassUAC.h">
      <Filter>PE</Filter>
    </ClInclude>
    <ClInclude Include="PE\DisguiseProcess.h">
      <Filter>PE</Filter>
    </ClInclude>
    <ClInclude Include="PE\ReplaceProcess.h">
      <Filter>PE</Filter>
    </ClInclude>
    <ClInclude Include="ZLib\zlib_compress.h">
      <Filter>ZLib</Filter>
    </ClInclude>
    <ClInclude Include="ZLib\zlib\zconf.h">
      <Filter>ZLib</Filter>
    </ClInclude>
    <ClInclude Include="ZLib\zlib\zlib.h">
      <Filter>ZLib</Filter>
    </ClInclude>
    <ClInclude Include="UserTimer.h">
      <Filter>Time</Filter>
    </ClInclude>
    <ClInclude Include="ThirdParty\ConvertUTF\ConvertUTF.h">
      <Filter>ThirdParty\ConvertUTF</Filter>
    </ClInclude>
  </ItemGroup>
  <ItemGroup>
    <ClCompile Include="stdafx.cpp">
      <Filter>源文件</Filter>
    </ClCompile>
    <ClCompile Include="UserProcess.cpp">
      <Filter>Process</Filter>
    </ClCompile>
    <ClCompile Include="UserReg.cpp">
      <Filter>Reg</Filter>
    </ClCompile>
    <ClCompile Include="UserMemory.cpp">
      <Filter>Memory</Filter>
    </ClCompile>
    <ClCompile Include="UserFile.cpp">
      <Filter>File</Filter>
    </ClCompile>
    <ClCompile Include="Log\log_file.cpp">
      <Filter>Log</Filter>
    </ClCompile>
    <ClCompile Include="UserNetwork.cpp">
      <Filter>Network</Filter>
    </ClCompile>
    <ClCompile Include="UserString.cpp">
      <Filter>String</Filter>
    </ClCompile>
    <ClCompile Include="UserInteger.cpp">
      <Filter>Integer</Filter>
    </ClCompile>
    <ClCompile Include="ThirdParty\MD5.cpp">
      <Filter>ThirdParty\MD5</Filter>
    </ClCompile>
    <ClCompile Include="NetWork\FtpUtility.cpp">
      <Filter>Network</Filter>
    </ClCompile>
    <ClCompile Include="NetWork\HttpUnity.cpp">
      <Filter>Network</Filter>
    </ClCompile>
    <ClCompile Include="Crypto\aes_helper.cpp">
      <Filter>Crypto</Filter>
    </ClCompile>
    <ClCompile Include="Crypto\base64.cpp">
      <Filter>Crypto</Filter>
    </ClCompile>
    <ClCompile Include="PE\MmLoadDll.cpp">
      <Filter>PE</Filter>
    </ClCompile>
    <ClCompile Include="PE\ApcInject.cpp">
      <Filter>PE</Filter>
    </ClCompile>
    <ClCompile Include="PE\BypassUAC.cpp">
      <Filter>PE</Filter>
    </ClCompile>
    <ClCompile Include="PE\DisguiseProcess.cpp">
      <Filter>PE</Filter>
    </ClCompile>
    <ClCompile Include="PE\ReplaceProcess.cpp">
      <Filter>PE</Filter>
    </ClCompile>
    <ClCompile Include="ZLib\zlib_compress.cpp">
      <Filter>ZLib</Filter>
    </ClCompile>
    <ClCompile Include="UserTimer.cpp">
      <Filter>Time</Filter>
    </ClCompile>
    <ClCompile Include="ThirdParty\ConvertUTF\ConvertUTF.c">
      <Filter>ThirdParty\ConvertUTF</Filter>
    </ClCompile>
  </ItemGroup>
  <ItemGroup>
    <Text Include="ThirdParty\ConvertUTF\readme.txt">
      <Filter>ThirdParty\ConvertUTF</Filter>
    </Text>
  </ItemGroup>
</Project>